
Microsoft Visual Studio Solution File, Format Version 12.00
Project("{FAE04EC0-301F-11D3-BF4B-00C04F79EFBC}") = "OcorrenciasTexto.Console", "OcorrenciasTexto.Console\OcorrenciasTexto.Console.csproj", "{6582BBA4-DB51-41EE-B996-F17952E13081}"
EndProject
Project("{FAE04EC0-301F-11D3-BF4B-00C04F79EFBC}") = "OcorrenciasTexto.Kernel", "OcorrenciasTexto.Kernel\OcorrenciasTexto.Kernel.csproj", "{59D6DECE-9F63-4D63-A4C8-1E96AB8765E7}"
EndProject
Global
	GlobalSection(SolutionConfigurationPlatforms) = preSolution
		Debug|Any CPU = Debug|Any CPU
		Release|Any CPU = Release|Any CPU
	EndGlobalSection
	GlobalSection(ProjectConfigurationPlatforms) = postSolution
		{6582BBA4-DB51-41EE-B996-F17952E13081}.Debug|Any CPU.ActiveCfg = Debug|Any CPU
		{6582BBA4-DB51-41EE-B996-F17952E13081}.Debug|Any CPU.Build.0 = Debug|Any CPU
		{6582BBA4-DB51-41EE-B996-F17952E13081}.Release|Any CPU.ActiveCfg = Release|Any CPU
		{6582BBA4-DB51-41EE-B996-F17952E13081}.Release|Any CPU.Build.0 = Release|Any CPU
		{59D6DECE-9F63-4D63-A4C8-1E96AB8765E7}.Debug|Any CPU.ActiveCfg = Debug|Any CPU
		{59D6DECE-9F63-4D63-A4C8-1E96AB8765E7}.Debug|Any CPU.Build.0 = Debug|Any CPU
		{59D6DECE-9F63-4D63-A4C8-1E96AB8765E7}.Release|Any CPU.ActiveCfg = Release|Any CPU
		{59D6DECE-9F63-4D63-A4C8-1E96AB8765E7}.Release|Any CPU.Build.0 = Release|Any CPU
	EndGlobalSection
EndGlobal
